
Microsoft Visual Studio Solution File, Format Version 12.00
# Visual Studio Version 17
VisualStudioVersion = 17.13.35806.99 d17.13
MinimumVisualStudioVersion = 10.0.40219.1
Project("{FAE04EC0-301F-11D3-BF4B-00C04F79EFBC}") = "NetServer", "NetServer.csproj", "{6872F8E8-9B90-4BCA-A2F3-F15375EDE67A}"
EndProject
Global
	GlobalSection(SolutionConfigurationPlatforms) = preSolution
		Debug|Any CPU = Debug|Any CPU
		Release|Any CPU = Release|Any CPU
	EndGlobalSection
	GlobalSection(ProjectConfigurationPlatforms) = postSolution
		{6872F8E8-9B90-4BCA-A2F3-F15375EDE67A}.Debug|Any CPU.ActiveCfg = Debug|Any CPU
		{6872F8E8-9B90-4BCA-A2F3-F15375EDE67A}.Debug|Any CPU.Build.0 = Debug|Any CPU
		{6872F8E8-9B90-4BCA-A2F3-F15375EDE67A}.Release|Any CPU.ActiveCfg = Release|Any CPU
		{6872F8E8-9B90-4BCA-A2F3-F15375EDE67A}.Release|Any CPU.Build.0 = Release|Any CPU
	EndGlobalSection
	GlobalSection(SolutionProperties) = preSolution
		HideSolutionNode = FALSE
	EndGlobalSection
	GlobalSection(ExtensibilityGlobals) = postSolution
		SolutionGuid = {6A4DBE83-8A21-461B-9058-553599426934}
	EndGlobalSection
EndGlobal
